
Microsoft Visual Studio Solution File, Format Version 12.00
# Visual Studio Version 17
VisualStudioVersion = 17.0.31919.166
MinimumVisualStudioVersion = 10.0.40219.1
Project("{FAE04EC0-301F-11D3-BF4B-00C04F79EFBC}") = "TestUnitaire", "TestUnitaire\TestUnitaire.csproj", "{773CECFD-0BD9-42D5-B954-F75A44292149}"
EndProject
Project("{FAE04EC0-301F-11D3-BF4B-00C04F79EFBC}") = "TestUnitaireTests", "TestUnitaireTests\TestUnitaireTests.csproj", "{414CD49A-0A3C-4421-8FFC-C048CF54D658}"
EndProject
Global
	GlobalSection(SolutionConfigurationPlatforms) = preSolution
		Debug|Any CPU = Debug|Any CPU
		Release|Any CPU = Release|Any CPU
	EndGlobalSection
	GlobalSection(ProjectConfigurationPlatforms) = postSolution
		{773CECFD-0BD9-42D5-B954-F75A44292149}.Debug|Any CPU.ActiveCfg = Debug|Any CPU
		{773CECFD-0BD9-42D5-B954-F75A44292149}.Debug|Any CPU.Build.0 = Debug|Any CPU
		{773CECFD-0BD9-42D5-B954-F75A44292149}.Release|Any CPU.ActiveCfg = Release|Any CPU
		{773CECFD-0BD9-42D5-B954-F75A44292149}.Release|Any CPU.Build.0 = Release|Any CPU
		{414CD49A-0A3C-4421-8FFC-C048CF54D658}.Debug|Any CPU.ActiveCfg = Debug|Any CPU
		{414CD49A-0A3C-4421-8FFC-C048CF54D658}.Debug|Any CPU.Build.0 = Debug|Any CPU
		{414CD49A-0A3C-4421-8FFC-C048CF54D658}.Release|Any CPU.ActiveCfg = Release|Any CPU
		{414CD49A-0A3C-4421-8FFC-C048CF54D658}.Release|Any CPU.Build.0 = Release|Any CPU
	EndGlobalSection
	GlobalSection(SolutionProperties) = preSolution
		HideSolutionNode = FALSE
	EndGlobalSection
	GlobalSection(ExtensibilityGlobals) = postSolution
		SolutionGuid = {A6F440BB-F44D-47B0-AD00-F27F9ED65E61}
	EndGlobalSection
EndGlobal
